
Microsoft Visual Studio Solution File, Format Version 12.00
Project("{FAE04EC0-301F-11D3-BF4B-00C04F79EFBC}") = "BinaryTree", "BinaryTree\BinaryTree.csproj", "{D0FFAF93-CB0E-4EB0-8F9E-7BCDB03652C7}"
EndProject
Project("{FAE04EC0-301F-11D3-BF4B-00C04F79EFBC}") = "Graph", "Graph\Graph.csproj", "{5AFA1060-FC97-4D55-B648-7806DE99AA1C}"
EndProject
Project("{FAE04EC0-301F-11D3-BF4B-00C04F79EFBC}") = "Heap", "Heap\Heap.csproj", "{F651A540-A7B3-4D14-8029-7890E3563332}"
EndProject
Global
	GlobalSection(SolutionConfigurationPlatforms) = preSolution
		Debug|Any CPU = Debug|Any CPU
		Release|Any CPU = Release|Any CPU
	EndGlobalSection
	GlobalSection(ProjectConfigurationPlatforms) = postSolution
		{D0FFAF93-CB0E-4EB0-8F9E-7BCDB03652C7}.Debug|Any CPU.ActiveCfg = Debug|Any CPU
		{D0FFAF93-CB0E-4EB0-8F9E-7BCDB03652C7}.Debug|Any CPU.Build.0 = Debug|Any CPU
		{D0FFAF93-CB0E-4EB0-8F9E-7BCDB03652C7}.Release|Any CPU.ActiveCfg = Release|Any CPU
		{D0FFAF93-CB0E-4EB0-8F9E-7BCDB03652C7}.Release|Any CPU.Build.0 = Release|Any CPU
		{5AFA1060-FC97-4D55-B648-7806DE99AA1C}.Debug|Any CPU.ActiveCfg = Debug|Any CPU
		{5AFA1060-FC97-4D55-B648-7806DE99AA1C}.Debug|Any CPU.Build.0 = Debug|Any CPU
		{5AFA1060-FC97-4D55-B648-7806DE99AA1C}.Release|Any CPU.ActiveCfg = Release|Any CPU
		{5AFA1060-FC97-4D55-B648-7806DE99AA1C}.Release|Any CPU.Build.0 = Release|Any CPU
		{F651A540-A7B3-4D14-8029-7890E3563332}.Debug|Any CPU.ActiveCfg = Debug|Any CPU
		{F651A540-A7B3-4D14-8029-7890E3563332}.Debug|Any CPU.Build.0 = Debug|Any CPU
		{F651A540-A7B3-4D14-8029-7890E3563332}.Release|Any CPU.ActiveCfg = Release|Any CPU
		{F651A540-A7B3-4D14-8029-7890E3563332}.Release|Any CPU.Build.0 = Release|Any CPU
	EndGlobalSection
EndGlobal
